// !$*UTF8*$!
{
	archiveVersion = 1;
	classes = {
	};
	objectVersion = 46;
	objects = {

/* Begin PBXBuildFile section */
		A15BA8FE1D411B8D00DD3747 /* AppDelegate.swift in Sources */ = {isa = PBXBuildFile; fileRef = A15BA8FD1D411B8D00DD3747 /* AppDelegate.swift */; };
		A15BA9001D411B8D00DD3747 /* Assets.xcassets in Resources */ = {isa = PBXBuildFile; fileRef = A15BA8FF1D411B8D00DD3747 /* Assets.xcassets */; };
		A15BA9031D411B8D00DD3747 /* LaunchScreen.storyboard in Resources */ = {isa = PBXBuildFile; fileRef = A15BA9011D411B8D00DD3747 /* LaunchScreen.storyboard */; };
		A15BA90B1D411C3500DD3747 /* HomeViewController.swift in Sources */ = {isa = PBXBuildFile; fileRef = A15BA90A1D411C3500DD3747 /* HomeViewController.swift */; };
		A15BA9111D41229F00DD3747 /* Interest.swift in Sources */ = {isa = PBXBuildFile; fileRef = A15BA9101D41229F00DD3747 /* Interest.swift */; };
		A15BA9131D4124D200DD3747 /* InterestCollectionViewCell.swift in Sources */ = {isa = PBXBuildFile; fileRef = A15BA9121D4124D200DD3747 /* InterestCollectionViewCell.swift */; };
/* End PBXBuildFile section */

/* Begin PBXFileReference section */
		A15BA8FA1D411B8D00DD3747 /* CarouselEffect.app */ = {isa = PBXFileReference; explicitFileType = wrapper.application; includeInIndex = 0; path = CarouselEffect.app; sourceTree = BUILT_PRODUCTS_DIR; };
		A15BA8FD1D411B8D00DD3747 /* AppDelegate.swift */ = {isa = PBXFileReference; lastKnownFileType = sourcecode.swift; path = AppDelegate.swift; sourceTree = "<group>"; };
		A15BA8FF1D411B8D00DD3747 /* Assets.xcassets */ = {isa = PBXFileReference; lastKnownFileType = folder.assetcatalog; path = Assets.xcassets; sourceTree = "<group>"; };
		A15BA9021D411B8D00DD3747 /* Base */ = {isa = PBXFileReference; lastKnownFileType = file.storyboard; name = Base; path = Base.lproj/LaunchScreen.storyboard; sourceTree = "<group>"; };
		A15BA9041D411B8D00DD3747 /* Info.plist */ = {isa = PBXFileReference; lastKnownFileType = text.plist.xml; path = Info.plist; sourceTree = "<group>"; };
		A15BA90A1D411C3500DD3747 /* HomeViewController.swift */ = {isa = PBXFileReference; fileEncoding = 4; lastKnownFileType = sourcecode.swift; path = HomeViewController.swift; sourceTree = "<group>"; };
		A15BA9101D41229F00DD3747 /* Interest.swift */ = {isa = PBXFileReference; fileEncoding = 4; lastKnownFileType = sourcecode.swift; path = Interest.swift; sourceTree = "<group>"; };
		A15BA9121D4124D200DD3747 /* InterestCollectionViewCell.swift */ = {isa = PBXFileReference; fileEncoding = 4; lastKnownFileType = sourcecode.swift; path = InterestCollectionViewCell.swift; sourceTree = "<group>"; };
/* End PBXFileReference section */

/* Begin PBXFrameworksBuildPhase section */
		A15BA8F71D411B8D00DD3747 /* Frameworks */ = {
			isa = PBXFrameworksBuildPhase;
			buildActionMask = 2147483647;
			files = (
			);
			runOnlyForDeploymentPostprocessing = 0;
		};
/* End PBXFrameworksBuildPhase section */

/* Begin PBXGroup section */
		A15BA8F11D411B8D00DD3747 = {
			isa = PBXGroup;
			children = (
				A15BA8FC1D411B8D00DD3747 /* CarouselEffect */,
				A15BA8FB1D411B8D00DD3747 /* Products */,
			);
			sourceTree = "<group>";
		};
		A15BA8FB1D411B8D00DD3747 /* Products */ = {
			isa = PBXGroup;
			children = (
				A15BA8FA1D411B8D00DD3747 /* CarouselEffect.app */,
			);
			name = Products;
			sourceTree = "<group>";
		};
		A15BA8FC1D411B8D00DD3747 /* CarouselEffect */ = {
			isa = PBXGroup;
			children = (
				A15BA8FD1D411B8D00DD3747 /* AppDelegate.swift */,
				A15BA90A1D411C3500DD3747 /* HomeViewController.swift */,
				A15BA9121D4124D200DD3747 /* InterestCollectionViewCell.swift */,
				A15BA9101D41229F00DD3747 /* Interest.swift */,
				A15BA8FF1D411B8D00DD3747 /* Assets.xcassets */,
				A15BA9011D411B8D00DD3747 /* LaunchScreen.storyboard */,
				A15BA9041D411B8D00DD3747 /* Info.plist */,
			);
			path = CarouselEffect;
			sourceTree = "<group>";
		};
/* End PBXGroup section */

/* Begin PBXNativeTarget section */
		A15BA8F91D411B8D00DD3747 /* CarouselEffect */ = {
			isa = PBXNativeTarget;
			buildConfigurationList = A15BA9071D411B8D00DD3747 /* Build configuration list for PBXNativeTarget "CarouselEffect" */;
			buildPhases = (
				A15BA8F61D411B8D00DD3747 /* Sources */,
				A15BA8F71D411B8D00DD3747 /* Frameworks */,
				A15BA8F81D411B8D00DD3747 /* Resources */,
			);
			buildRules = (
			);
			dependencies = (
			);
			name = CarouselEffect;
			productName = CarouselEffect;
			productReference = A15BA8FA1D411B8D00DD3747 /* CarouselEffect.app */;
			productType = "com.apple.product-type.application";
		};
/* End PBXNativeTarget section */

/* Begin PBXProject section */
		A15BA8F21D411B8D00DD3747 /* Project object */ = {
			isa = PBXProject;
			attributes = {
				LastSwiftUpdateCheck = 0730;
				LastUpgradeCheck = 0730;
				ORGANIZATIONNAME = once;
				TargetAttributes = {
					A15BA8F91D411B8D00DD3747 = {
						CreatedOnToolsVersion = 7.3.1;
					};
				};
			};
			buildConfigurationList = A15BA8F51D411B8D00DD3747 /* Build configuration list for PBXProject "CarouselEffect" */;
			compatibilityVersion = "Xcode 3.2";
			developmentRegion = English;
			hasScannedForEncodings = 0;
			knownRegions = (
				en,
				Base,
			);
			mainGroup = A15BA8F11D411B8D00DD3747;
			productRefGroup = A15BA8FB1D411B8D00DD3747 /* Products */;
			projectDirPath = "";
			projectRoot = "";
			targets = (
				A15BA8F91D411B8D00DD3747 /* CarouselEffect */,
			);
		};
/* End PBXProject section */

/* Begin PBXResourcesBuildPhase section */
		A15BA8F81D411B8D00DD3747 /* Resources */ = {
			isa = PBXResourcesBuildPhase;
			buildActionMask = 2147483647;
			files = (
				A15BA9001D411B8D00DD3747 /* Assets.xcassets in Resources */,
				A15BA9031D411B8D00DD3747 /* LaunchScreen.storyboard in Resources */,
			);
			runOnlyForDeploymentPostprocessing = 0;
		};
/* End PBXResourcesBuildPhase section */

/* Begin PBXSourcesBuildPhase section */
		A15BA8F61D411B8D00DD3747 /* Sources */ = {
			isa = PBXSourcesBuildPhase;
			buildActionMask = 2147483647;
			files = (
				A15BA9131D4124D200DD3747 /* InterestCollectionViewCell.swift in Sources */,
				A15BA9111D41229F00DD3747 /* Interest.swift in Sources */,
				A15BA8FE1D411B8D00DD3747 /* AppDelegate.swift in Sources */,
				A15BA90B1D411C3500DD3747 /* HomeViewController.swift in Sources */,
			);
			runOnlyForDeploymentPostprocessing = 0;
		};
/* End PBXSourcesBuildPhase section */

/* Begin PBXVariantGroup section */
		A15BA9011D411B8D00DD3747 /* LaunchScreen.storyboard */ = {
			isa = PBXVariantGroup;
			children = (
				A15BA9021D411B8D00DD3747 /* Base */,
			);
			name = LaunchScreen.storyboard;
			sourceTree = "<group>";
		};
/* End PBXVariantGroup section */

/* Begin XCBuildConfiguration section */
		A15BA9051D411B8D00DD3747 /* Debug */ = {
			isa = XCBuildConfiguration;
			buildSettings = {
				ALWAYS_SEARCH_USER_PATHS = NO;
				CLANG_ANALYZER_NONNULL = YES;
				CLANG_CXX_LANGUAGE_STANDARD = "gnu++0x";
				CLANG_CXX_LIBRARY = "libc++";
				CLANG_ENABLE_MODULES = YES;
				CLANG_ENABLE_OBJC_ARC = YES;
				CLANG_WARN_BOOL_CONVERSION = YES;
				CLANG_WARN_CONSTANT_CONVERSION = YES;
				CLANG_WARN_DIRECT_OBJC_ISA_USAGE = YES_ERROR;
				CLANG_WARN_EMPTY_BODY = YES;
				CLANG_WARN_ENUM_CONVERSION = YES;
				CLANG_WARN_INT_CONVERSION = YES;
				CLANG_WARN_OBJC_ROOT_CLASS = YES_ERROR;
				CLANG_WARN_UNREACHABLE_CODE = YES;
				CLANG_WARN__DUPLICATE_METHOD_MATCH = YES;
				"CODE_SIGN_IDENTITY[sdk=iphoneos*]" = "iPhone Developer";
				COPY_PHASE_STRIP = NO;
				DEBUG_INFORMATION_FORMAT = dwarf;
				ENABLE_STRICT_OBJC_MSGSEND = YES;
				ENABLE_TESTABILITY = YES;
				GCC_C_LANGUAGE_STANDARD = gnu99;
				GCC_DYNAMIC_NO_PIC = NO;
				GCC_NO_COMMON_BLOCKS = YES;
				GCC_OPTIMIZATION_LEVEL = 0;
				GCC_PREPROCESSOR_DEFINITIONS = (
					"DEBUG=1",
					"$(inherited)",
				);
				GCC_WARN_64_TO_32_BIT_CONVERSION = YES;
				GCC_WARN_ABOUT_RETURN_TYPE = YES_ERROR;
				GCC_WARN_UNDECLARED_SELECTOR = YES;
				GCC_WARN_UNINITIALIZED_AUTOS = YES_AGGRESSIVE;
				GCC_WARN_UNUSED_FUNCTION = YES;
				GCC_WARN_UNUSED_VARIABLE = YES;
				IPHONEOS_DEPLOYMENT_TARGET = 9.3;
				MTL_ENABLE_DEBUG_INFO = YES;
				ONLY_ACTIVE_ARCH = YES;
				SDKROOT = iphoneos;
				SWIFT_OPTIMIZATION_LEVEL = "-Onone";
			};
			name = Debug;
		};
		A15BA9061D411B8D00DD3747 /* Release */ = {
			isa = XCBuildConfiguration;
			buildSettings = {
				ALWAYS_SEARCH_USER_PATHS = NO;
				CLANG_ANALYZER_NONNULL = YES;
				CLANG_CXX_LANGUAGE_STANDARD = "gnu++0x";
				CLANG_CXX_LIBRARY = "libc++";
				CLANG_ENABLE_MODULES = YES;
				CLANG_ENABLE_OBJC_ARC = YES;
				CLANG_WARN_BOOL_CONVERSION = YES;
				CLANG_WARN_CONSTANT_CONVERSION = YES;
				CLANG_WARN_DIRECT_OBJC_ISA_USAGE = YES_ERROR;
				CLANG_WARN_EMPTY_BODY = YES;
				CLANG_WARN_ENUM_CONVERSION = YES;
				CLANG_WARN_INT_CONVERSION = YES;
				CLANG_WARN_OBJC_ROOT_CLASS = YES_ERROR;
				CLANG_WARN_UNREACHABLE_CODE = YES;
				CLANG_WARN__DUPLICATE_METHOD_MATCH = YES;
				"CODE_SIGN_IDENTITY[sdk=iphoneos*]" = "iPhone Developer";
				COPY_PHASE_STRIP = NO;
				DEBUG_INFORMATION_FORMAT = "dwarf-with-dsym";
				ENABLE_NS_ASSERTIONS = NO;
				ENABLE_STRICT_OBJC_MSGSEND = YES;
				GCC_C_LANGUAGE_STANDARD = gnu99;
				GCC_NO_COMMON_BLOCKS = YES;
				GCC_WARN_64_TO_32_BIT_CONVERSION = YES;
				GCC_WARN_ABOUT_RETURN_TYPE = YES_ERROR;
				GCC_WARN_UNDECLARED_SELECTOR = YES;
				GCC_WARN_UNINITIALIZED_AUTOS = YES_AGGRESSIVE;
				GCC_WARN_UNUSED_FUNCTION = YES;
				GCC_WARN_UNUSED_VARIABLE = YES;
				IPHONEOS_DEPLOYMENT_TARGET = 9.3;
				MTL_ENABLE_DEBUG_INFO = NO;
				SDKROOT = iphoneos;
				VALIDATE_PRODUCT = YES;
			};
			name = Release;
		};
		A15BA9081D411B8D00DD3747 /* Debug */ = {
			isa = XCBuildConfiguration;
			buildSettings = {
				ASSETCATALOG_COMPILER_APPICON_NAME = AppIcon;
				INFOPLIST_FILE = CarouselEffect/Info.plist;
				LD_RUNPATH_SEARCH_PATHS = "$(inherited) @executable_path/Frameworks";
				PRODUCT_BUNDLE_IDENTIFIER = com.oncerwork.CarouselEffect;
				PRODUCT_NAME = "$(TARGET_NAME)";
			};
			name = Debug;
		};
		A15BA9091D411B8D00DD3747 /* Release */ = {
			isa = XCBuildConfiguration;
			buildSettings = {
				ASSETCATALOG_COMPILER_APPICON_NAME = AppIcon;
				INFOPLIST_FILE = CarouselEffect/Info.plist;
				LD_RUNPATH_SEARCH_PATHS = "$(inherited) @executable_path/Frameworks";
				PRODUCT_BUNDLE_IDENTIFIER = com.oncerwork.CarouselEffect;
				PRODUCT_NAME = "$(TARGET_NAME)";
			};
			name = Release;
		};
/* End XCBuildConfiguration section */

/* Begin XCConfigurationList section */
		A15BA8F51D411B8D00DD3747 /* Build configuration list for PBXProject "CarouselEffect" */ = {
			isa = XCConfigurationList;
			buildConfigurations = (
				A15BA9051D411B8D00DD3747 /* Debug */,
				A15BA9061D411B8D00DD3747 /* Release */,
			);
			defaultConfigurationIsVisible = 0;
			defaultConfigurationName = Release;
		};
		A15BA9071D411B8D00DD3747 /* Build configuration list for PBXNativeTarget "CarouselEffect" */ = {
			isa = XCConfigurationList;
			buildConfigurations = (
				A15BA9081D411B8D00DD3747 /* Debug */,
				A15BA9091D411B8D00DD3747 /* Release */,
			);
			defaultConfigurationIsVisible = 0;
		};
/* End XCConfigurationList section */
	};
	rootObject = A15BA8F21D411B8D00DD3747 /* Project object */;
}
